
Microsoft Visual Studio Solution File, Format Version 12.00
# Visual Studio Version 17
VisualStudioVersion = 17.0.31903.59
MinimumVisualStudioVersion = 10.0.40219.1
Project("{FAE04EC0-301F-11D3-BF4B-00C04F79EFBC}") = "uploadAPI", "uploadAPI\uploadAPI.csproj", "{73203683-ED98-44D4-87B2-D2F756648736}"
EndProject
Project("{FAE04EC0-301F-11D3-BF4B-00C04F79EFBC}") = "uploadAPI.Test", "uploadAPI.Test\uploadAPI.Test.csproj", "{D9F4A80F-E655-4C7A-807D-873A2F7E9C2D}"
EndProject
Global
	GlobalSection(SolutionConfigurationPlatforms) = preSolution
		Debug|Any CPU = Debug|Any CPU
		Release|Any CPU = Release|Any CPU
	EndGlobalSection
	GlobalSection(SolutionProperties) = preSolution
		HideSolutionNode = FALSE
	EndGlobalSection
	GlobalSection(ProjectConfigurationPlatforms) = postSolution
		{73203683-ED98-44D4-87B2-D2F756648736}.Debug|Any CPU.ActiveCfg = Debug|Any CPU
		{73203683-ED98-44D4-87B2-D2F756648736}.Debug|Any CPU.Build.0 = Debug|Any CPU
		{73203683-ED98-44D4-87B2-D2F756648736}.Release|Any CPU.ActiveCfg = Release|Any CPU
		{73203683-ED98-44D4-87B2-D2F756648736}.Release|Any CPU.Build.0 = Release|Any CPU
		{D9F4A80F-E655-4C7A-807D-873A2F7E9C2D}.Debug|Any CPU.ActiveCfg = Debug|Any CPU
		{D9F4A80F-E655-4C7A-807D-873A2F7E9C2D}.Debug|Any CPU.Build.0 = Debug|Any CPU
		{D9F4A80F-E655-4C7A-807D-873A2F7E9C2D}.Release|Any CPU.ActiveCfg = Release|Any CPU
		{D9F4A80F-E655-4C7A-807D-873A2F7E9C2D}.Release|Any CPU.Build.0 = Release|Any CPU
	EndGlobalSection
EndGlobal
